
Microsoft Visual Studio Solution File, Format Version 12.00
# Visual Studio 14
VisualStudioVersion = 14.0.25420.1
MinimumVisualStudioVersion = 10.0.40219.1
Project("{FAE04EC0-301F-11D3-BF4B-00C04F79EFBC}") = "PlcClient", "PlcClient\PlcClient.csproj", "{B6BA7D38-7031-45A9-AA22-8071CBB779A0}"
EndProject
Project("{FAE04EC0-301F-11D3-BF4B-00C04F79EFBC}") = "PlcService", "PlcService\PlcService.csproj", "{148B9756-2545-41A0-9922-0FB0645577C6}"
EndProject
Project("{FAE04EC0-301F-11D3-BF4B-00C04F79EFBC}") = "PlcCommon", "PlcCommon\PlcCommon.csproj", "{DC11DDA5-ABE7-448E-A952-76A6183036C9}"
EndProject
Project("{FAE04EC0-301F-11D3-BF4B-00C04F79EFBC}") = "PlcViewer", "PlcViewer\PlcViewer.csproj", "{9B1AAA08-DC65-4616-AE7A-435A69AD434B}"
EndProject
Global
	GlobalSection(SolutionConfigurationPlatforms) = preSolution
		Debug|Any CPU = Debug|Any CPU
		Release|Any CPU = Release|Any CPU
	EndGlobalSection
	GlobalSection(ProjectConfigurationPlatforms) = postSolution
		{B6BA7D38-7031-45A9-AA22-8071CBB779A0}.Debug|Any CPU.ActiveCfg = Debug|Any CPU
		{B6BA7D38-7031-45A9-AA22-8071CBB779A0}.Debug|Any CPU.Build.0 = Debug|Any CPU
		{B6BA7D38-7031-45A9-AA22-8071CBB779A0}.Release|Any CPU.ActiveCfg = Release|Any CPU
		{B6BA7D38-7031-45A9-AA22-8071CBB779A0}.Release|Any CPU.Build.0 = Release|Any CPU
		{148B9756-2545-41A0-9922-0FB0645577C6}.Debug|Any CPU.ActiveCfg = Debug|Any CPU
		{148B9756-2545-41A0-9922-0FB0645577C6}.Debug|Any CPU.Build.0 = Debug|Any CPU
		{148B9756-2545-41A0-9922-0FB0645577C6}.Release|Any CPU.ActiveCfg = Release|Any CPU
		{148B9756-2545-41A0-9922-0FB0645577C6}.Release|Any CPU.Build.0 = Release|Any CPU
		{DC11DDA5-ABE7-448E-A952-76A6183036C9}.Debug|Any CPU.ActiveCfg = Debug|Any CPU
		{DC11DDA5-ABE7-448E-A952-76A6183036C9}.Debug|Any CPU.Build.0 = Debug|Any CPU
		{DC11DDA5-ABE7-448E-A952-76A6183036C9}.Release|Any CPU.ActiveCfg = Release|Any CPU
		{DC11DDA5-ABE7-448E-A952-76A6183036C9}.Release|Any CPU.Build.0 = Release|Any CPU
		{9B1AAA08-DC65-4616-AE7A-435A69AD434B}.Debug|Any CPU.ActiveCfg = Debug|Any CPU
		{9B1AAA08-DC65-4616-AE7A-435A69AD434B}.Debug|Any CPU.Build.0 = Debug|Any CPU
		{9B1AAA08-DC65-4616-AE7A-435A69AD434B}.Release|Any CPU.ActiveCfg = Release|Any CPU
		{9B1AAA08-DC65-4616-AE7A-435A69AD434B}.Release|Any CPU.Build.0 = Release|Any CPU
	EndGlobalSection
	GlobalSection(SolutionProperties) = preSolution
		HideSolutionNode = FALSE
	EndGlobalSection
EndGlobal
